
Microsoft Visual Studio Solution File, Format Version 12.00
# Visual Studio 15
VisualStudioVersion = 15.0.28307.1062
MinimumVisualStudioVersion = 10.0.40219.1
Project("{FAE04EC0-301F-11D3-BF4B-00C04F79EFBC}") = "KvalEgzPM01", "KvalEgzPM01\KvalEgzPM01.csproj", "{A99FD64B-8C66-4690-8A5C-1A07D7A58D74}"
EndProject
Global
	GlobalSection(SolutionConfigurationPlatforms) = preSolution
		Debug|Any CPU = Debug|Any CPU
		Release|Any CPU = Release|Any CPU
	EndGlobalSection
	GlobalSection(ProjectConfigurationPlatforms) = postSolution
		{A99FD64B-8C66-4690-8A5C-1A07D7A58D74}.Debug|Any CPU.ActiveCfg = Debug|Any CPU
		{A99FD64B-8C66-4690-8A5C-1A07D7A58D74}.Debug|Any CPU.Build.0 = Debug|Any CPU
		{A99FD64B-8C66-4690-8A5C-1A07D7A58D74}.Release|Any CPU.ActiveCfg = Release|Any CPU
		{A99FD64B-8C66-4690-8A5C-1A07D7A58D74}.Release|Any CPU.Build.0 = Release|Any CPU
	EndGlobalSection
	GlobalSection(SolutionProperties) = preSolution
		HideSolutionNode = FALSE
	EndGlobalSection
	GlobalSection(ExtensibilityGlobals) = postSolution
		SolutionGuid = {A1FFE53C-FE72-444D-BF8D-F4BF8396C36F}
	EndGlobalSection
EndGlobal
